
Microsoft Visual Studio Solution File, Format Version 12.00
# Visual Studio 14
VisualStudioVersion = 14.0.25123.0
MinimumVisualStudioVersion = 10.0.40219.1
Project("{FAE04EC0-301F-11D3-BF4B-00C04F79EFBC}") = "Intro_To_CSharp_Project", "Intro_To_CSharp_Project\Intro_To_CSharp_Project.csproj", "{F13F6DBA-2360-4F66-A8AB-04B373754A58}"
EndProject
Global
	GlobalSection(SolutionConfigurationPlatforms) = preSolution
		Debug|Any CPU = Debug|Any CPU
		Release|Any CPU = Release|Any CPU
	EndGlobalSection
	GlobalSection(ProjectConfigurationPlatforms) = postSolution
		{F13F6DBA-2360-4F66-A8AB-04B373754A58}.Debug|Any CPU.ActiveCfg = Debug|Any CPU
		{F13F6DBA-2360-4F66-A8AB-04B373754A58}.Debug|Any CPU.Build.0 = Debug|Any CPU
		{F13F6DBA-2360-4F66-A8AB-04B373754A58}.Release|Any CPU.ActiveCfg = Release|Any CPU
		{F13F6DBA-2360-4F66-A8AB-04B373754A58}.Release|Any CPU.Build.0 = Release|Any CPU
	EndGlobalSection
	GlobalSection(SolutionProperties) = preSolution
		HideSolutionNode = FALSE
	EndGlobalSection
EndGlobal
